// !$*UTF8*$!
{
	archiveVersion = 1;
	classes = {
	};
	objectVersion = 55;
	objects = {

/* Begin PBXBuildFile section */
		9E34C43928B1AFE2004E9FFB /* Forecast.swift in Sources */ = {isa = PBXBuildFile; fileRef = 9E3AECD128B1AED800FB0AB9 /* Forecast.swift */; };
		9E34C43B28B1B0A1004E9FFB /* WeatherResponseTests.swift in Sources */ = {isa = PBXBuildFile; fileRef = 9E34C43A28B1B0A1004E9FFB /* WeatherResponseTests.swift */; };
		9E34C43D28B1B3AC004E9FFB /* ForecastResponseTests.swift in Sources */ = {isa = PBXBuildFile; fileRef = 9E34C43C28B1B3AC004E9FFB /* ForecastResponseTests.swift */; };
		9E34C44028B1B551004E9FFB /* ForecastTests.swift in Sources */ = {isa = PBXBuildFile; fileRef = 9E34C43F28B1B551004E9FFB /* ForecastTests.swift */; };
		9E34C44328B2435F004E9FFB /* HTTPMethodTests.swift in Sources */ = {isa = PBXBuildFile; fileRef = 9E34C44228B2435F004E9FFB /* HTTPMethodTests.swift */; };
		9E34C44528B243DC004E9FFB /* HTTPParametersTests.swift in Sources */ = {isa = PBXBuildFile; fileRef = 9E34C44428B243DC004E9FFB /* HTTPParametersTests.swift */; };
		9E34C44A28B2465A004E9FFB /* HTTPClientTests.swift in Sources */ = {isa = PBXBuildFile; fileRef = 9E34C44928B2465A004E9FFB /* HTTPClientTests.swift */; };
		9E34C44E28B262AF004E9FFB /* Result+SuccessFailure.swift in Sources */ = {isa = PBXBuildFile; fileRef = 9E34C44C28B26259004E9FFB /* Result+SuccessFailure.swift */; };
		9E34C45228B269D8004E9FFB /* ForecastServiceTests.swift in Sources */ = {isa = PBXBuildFile; fileRef = 9E34C45128B269D8004E9FFB /* ForecastServiceTests.swift */; };
		9E34C45528B26DF1004E9FFB /* JSONResponse.swift in Sources */ = {isa = PBXBuildFile; fileRef = 9E34C45428B26DF1004E9FFB /* JSONResponse.swift */; };
		9E34C45728B26F4D004E9FFB /* TemperatureUnitServiceTests.swift in Sources */ = {isa = PBXBuildFile; fileRef = 9E34C45628B26F4D004E9FFB /* TemperatureUnitServiceTests.swift */; };
		9E34C45928B26F58004E9FFB /* SavedCitiesServiceTests.swift in Sources */ = {isa = PBXBuildFile; fileRef = 9E34C45828B26F58004E9FFB /* SavedCitiesServiceTests.swift */; };
		9E3AECB828B19F5700FB0AB9 /* WeatherTests.swift in Sources */ = {isa = PBXBuildFile; fileRef = 9E3AECB728B19F5700FB0AB9 /* WeatherTests.swift */; };
		9E3AECC128B19F9000FB0AB9 /* StorageProviderTests.swift in Sources */ = {isa = PBXBuildFile; fileRef = 9E3AECC028B19F9000FB0AB9 /* StorageProviderTests.swift */; };
		9E3AECC428B1A23300FB0AB9 /* RequestTests.swift in Sources */ = {isa = PBXBuildFile; fileRef = 9E3AECC328B1A23300FB0AB9 /* RequestTests.swift */; };
		9E3AECC628B1A23E00FB0AB9 /* RequestManagerTests.swift in Sources */ = {isa = PBXBuildFile; fileRef = 9E3AECC528B1A23E00FB0AB9 /* RequestManagerTests.swift */; };
		9E3AECCD28B1AEA400FB0AB9 /* OpenWeatherMapRequestInterceptorTests.swift in Sources */ = {isa = PBXBuildFile; fileRef = 9E3AECCC28B1AEA400FB0AB9 /* OpenWeatherMapRequestInterceptorTests.swift */; };
		9E3AECCF28B1AEB800FB0AB9 /* OpenWeatherMapRequestsTests.swift in Sources */ = {isa = PBXBuildFile; fileRef = 9E3AECCE28B1AEB800FB0AB9 /* OpenWeatherMapRequestsTests.swift */; };
		9E7AB63A28B1642100A76F2B /* URLSessionProtocol.swift in Sources */ = {isa = PBXBuildFile; fileRef = 9E7AB63928B1642100A76F2B /* URLSessionProtocol.swift */; };
		9E7AB63C28B1663900A76F2B /* WeatherScreenFactory.swift in Sources */ = {isa = PBXBuildFile; fileRef = 9E7AB63B28B1663900A76F2B /* WeatherScreenFactory.swift */; };
		9E7AB63E28B169B200A76F2B /* SavedCitiesServiceProtocol.swift in Sources */ = {isa = PBXBuildFile; fileRef = 9E7AB63D28B169B200A76F2B /* SavedCitiesServiceProtocol.swift */; };
		9E7AB64028B169DE00A76F2B /* TemperatureUnitServiceProtocol.swift in Sources */ = {isa = PBXBuildFile; fileRef = 9E7AB63F28B169DE00A76F2B /* TemperatureUnitServiceProtocol.swift */; };
		9E9CBC5928AE745E00852A0C /* WeatherApp.swift in Sources */ = {isa = PBXBuildFile; fileRef = 9E9CBC3128AE745D00852A0C /* WeatherApp.swift */; };
		9E9CBC5B28AE745E00852A0C /* CityWeatherView.swift in Sources */ = {isa = PBXBuildFile; fileRef = 9E9CBC3228AE745D00852A0C /* CityWeatherView.swift */; };
		9E9CBC5D28AE745E00852A0C /* Assets.xcassets in Resources */ = {isa = PBXBuildFile; fileRef = 9E9CBC3328AE745D00852A0C /* Assets.xcassets */; };
		9E9CBC6F28AE76CD00852A0C /* HTTPClient.swift in Sources */ = {isa = PBXBuildFile; fileRef = 9E9CBC6E28AE76CD00852A0C /* HTTPClient.swift */; };
		9E9CBC7228AE76DB00852A0C /* HTTPClientProtocol.swift in Sources */ = {isa = PBXBuildFile; fileRef = 9E9CBC7128AE76DB00852A0C /* HTTPClientProtocol.swift */; };
		9E9CBC7428AE78B000852A0C /* HTTPMethod.swift in Sources */ = {isa = PBXBuildFile; fileRef = 9E9CBC7328AE78B000852A0C /* HTTPMethod.swift */; };
		9E9CBC7928AE78ED00852A0C /* URLRequestConvertible.swift in Sources */ = {isa = PBXBuildFile; fileRef = 9E9CBC7828AE78ED00852A0C /* URLRequestConvertible.swift */; };
		9E9CBC7B28AE7EF500852A0C /* HTTPResponse.swift in Sources */ = {isa = PBXBuildFile; fileRef = 9E9CBC7A28AE7EF500852A0C /* HTTPResponse.swift */; };
		9E9CBC7F28AE808D00852A0C /* RequestManager.swift in Sources */ = {isa = PBXBuildFile; fileRef = 9E9CBC7E28AE808D00852A0C /* RequestManager.swift */; };
		9E9CBC8128AE815D00852A0C /* URLConvertible.swift in Sources */ = {isa = PBXBuildFile; fileRef = 9E9CBC8028AE815D00852A0C /* URLConvertible.swift */; };
		9E9CBC8328AE837200852A0C /* Request.swift in Sources */ = {isa = PBXBuildFile; fileRef = 9E9CBC8228AE837200852A0C /* Request.swift */; };
		9E9CBC8728AE85F600852A0C /* OpenWeatherMapRequests.swift in Sources */ = {isa = PBXBuildFile; fileRef = 9E9CBC8628AE85F600852A0C /* OpenWeatherMapRequests.swift */; };
		9E9CBC8C28AE887500852A0C /* WeatherResponse.swift in Sources */ = {isa = PBXBuildFile; fileRef = 9E9CBC8B28AE887500852A0C /* WeatherResponse.swift */; };
		9E9CBC8F28AE89D500852A0C /* HTTPParameters.swift in Sources */ = {isa = PBXBuildFile; fileRef = 9E9CBC8E28AE89D500852A0C /* HTTPParameters.swift */; };
		9E9CBC9128AE8F8000852A0C /* OpenWeatherMapRequestInterceptor.swift in Sources */ = {isa = PBXBuildFile; fileRef = 9E9CBC9028AE8F8000852A0C /* OpenWeatherMapRequestInterceptor.swift */; };
		9E9CBC9328AE925700852A0C /* RequestInterceptorProtocol.swift in Sources */ = {isa = PBXBuildFile; fileRef = 9E9CBC9228AE925700852A0C /* RequestInterceptorProtocol.swift */; };
		9E9CBC9728AE930500852A0C /* WeatherAppDependencies.swift in Sources */ = {isa = PBXBuildFile; fileRef = 9E9CBC9628AE930500852A0C /* WeatherAppDependencies.swift */; };
		9E9CBC9C28AECFA800852A0C /* WeatherCardViewItemView.swift in Sources */ = {isa = PBXBuildFile; fileRef = 9E9CBC9B28AECFA800852A0C /* WeatherCardViewItemView.swift */; };
		9E9CBCA028AEDD2400852A0C /* CityWeatherViewModel.swift in Sources */ = {isa = PBXBuildFile; fileRef = 9E9CBC9F28AEDD2400852A0C /* CityWeatherViewModel.swift */; };
		9E9CBCA228AEE0B600852A0C /* SearchCardView.swift in Sources */ = {isa = PBXBuildFile; fileRef = 9E9CBCA128AEE0B600852A0C /* SearchCardView.swift */; };
		9E9CBCA528AEEF7200852A0C /* FiveDaysForecastView.swift in Sources */ = {isa = PBXBuildFile; fileRef = 9E9CBCA428AEEF7200852A0C /* FiveDaysForecastView.swift */; };
		9E9CBCA828AF86CE00852A0C /* FiveDaysForecastItemView.swift in Sources */ = {isa = PBXBuildFile; fileRef = 9E9CBCA728AF86CE00852A0C /* FiveDaysForecastItemView.swift */; };
		9E9CBCA928AF883800852A0C /* WeatherCardView.swift in Sources */ = {isa = PBXBuildFile; fileRef = 9E9CBC9928AE987B00852A0C /* WeatherCardView.swift */; };
		9E9CBCAB28AF8CDE00852A0C /* ForecastResponse.swift in Sources */ = {isa = PBXBuildFile; fileRef = 9E9CBCAA28AF8CDE00852A0C /* ForecastResponse.swift */; };
		9E9CBCAF28AFAC3D00852A0C /* StorageProvider.swift in Sources */ = {isa = PBXBuildFile; fileRef = 9E9CBCAE28AFAC3D00852A0C /* StorageProvider.swift */; };
		9E9CBCB228AFB5E300852A0C /* TemperatureUnitService.swift in Sources */ = {isa = PBXBuildFile; fileRef = 9E9CBCB128AFB5E300852A0C /* TemperatureUnitService.swift */; };
		9E9CBCB428B0064F00852A0C /* FiveDaysForecastViewModel.swift in Sources */ = {isa = PBXBuildFile; fileRef = 9E9CBCB328B0064F00852A0C /* FiveDaysForecastViewModel.swift */; };
		9E9CBCB628B006B300852A0C /* TemperatureFormatter.swift in Sources */ = {isa = PBXBuildFile; fileRef = 9E9CBCB528B006B300852A0C /* TemperatureFormatter.swift */; };
		9E9CBCB828B0082900852A0C /* StorageKeys.swift in Sources */ = {isa = PBXBuildFile; fileRef = 9E9CBCB728B0082900852A0C /* StorageKeys.swift */; };
		9E9CBCBC28B009B300852A0C /* TemperatureUnit.swift in Sources */ = {isa = PBXBuildFile; fileRef = 9E9CBCBB28B009B300852A0C /* TemperatureUnit.swift */; };
		9E9CBCBF28B00A2100852A0C /* ContainerProtocol.swift in Sources */ = {isa = PBXBuildFile; fileRef = 9E9CBCBE28B00A2100852A0C /* ContainerProtocol.swift */; };
		9E9CBCC328B00A8B00852A0C /* SavedCitiesService.swift in Sources */ = {isa = PBXBuildFile; fileRef = 9E9CBCC228B00A8B00852A0C /* SavedCitiesService.swift */; };
		9EA26AB528B190DC0073CFB1 /* ForecastService.swift in Sources */ = {isa = PBXBuildFile; fileRef = 9EA26AB428B190DC0073CFB1 /* ForecastService.swift */; };
		9EA26AB728B190EE0073CFB1 /* ForecastServiceProtocol.swift in Sources */ = {isa = PBXBuildFile; fileRef = 9EA26AB628B190EE0073CFB1 /* ForecastServiceProtocol.swift */; };
		9EDBD8C828B384720033C148 /* TemperatureFormatterTests.swift in Sources */ = {isa = PBXBuildFile; fileRef = 9EDBD8C728B384720033C148 /* TemperatureFormatterTests.swift */; };
		9EDBD8CA28B3856F0033C148 /* TemperatureUnitTests.swift in Sources */ = {isa = PBXBuildFile; fileRef = 9EDBD8C928B3856F0033C148 /* TemperatureUnitTests.swift */; };
		9EDBD8CE28B388AD0033C148 /* FiveDaysForecastViewModelTests.swift in Sources */ = {isa = PBXBuildFile; fileRef = 9EDBD8CD28B388AD0033C148 /* FiveDaysForecastViewModelTests.swift */; };
		9EDBD8D428B393B20033C148 /* Sequence+AsyncMap.swift in Sources */ = {isa = PBXBuildFile; fileRef = 9EDBD8D228B3939A0033C148 /* Sequence+AsyncMap.swift */; };
		9EDBD8D628B393E30033C148 /* CityWeatherViewModelTests.swift in Sources */ = {isa = PBXBuildFile; fileRef = 9EDBD8D528B393E30033C148 /* CityWeatherViewModelTests.swift */; };
		9EDBD8E028B39A7B0033C148 /* WeatherUITests.swift in Sources */ = {isa = PBXBuildFile; fileRef = 9EDBD8DF28B39A7B0033C148 /* WeatherUITests.swift */; };
		9EDBD8EF28B39DB00033C148 /* Constants.swift in Sources */ = {isa = PBXBuildFile; fileRef = 9EDBD8E928B39BF40033C148 /* Constants.swift */; };
		9EDBD8F028B39DB30033C148 /* Credentials.swift in Sources */ = {isa = PBXBuildFile; fileRef = 9EDBD8EB28B39BFA0033C148 /* Credentials.swift */; };
		9EDBD8F128B39DB50033C148 /* Environment.swift in Sources */ = {isa = PBXBuildFile; fileRef = 9EDBD8ED28B39C2F0033C148 /* Environment.swift */; };
/* End PBXBuildFile section */

/* Begin PBXContainerItemProxy section */
		9E3AECB928B19F5700FB0AB9 /* PBXContainerItemProxy */ = {
			isa = PBXContainerItemProxy;
			containerPortal = 9E9CBC2C28AE745D00852A0C /* Project object */;
			proxyType = 1;
			remoteGlobalIDString = 9E9CBC3728AE745D00852A0C;
			remoteInfo = "Weather (iOS)";
		};
		9EDBD8E328B39A7B0033C148 /* PBXContainerItemProxy */ = {
			isa = PBXContainerItemProxy;
			containerPortal = 9E9CBC2C28AE745D00852A0C /* Project object */;
			proxyType = 1;
			remoteGlobalIDString = 9E9CBC3728AE745D00852A0C;
			remoteInfo = "Weather (iOS)";
		};
/* End PBXContainerItemProxy section */

/* Begin PBXFileReference section */
		9E34C43A28B1B0A1004E9FFB /* WeatherResponseTests.swift */ = {isa = PBXFileReference; lastKnownFileType = sourcecode.swift; path = WeatherResponseTests.swift; sourceTree = "<group>"; };
		9E34C43C28B1B3AC004E9FFB /* ForecastResponseTests.swift */ = {isa = PBXFileReference; lastKnownFileType = sourcecode.swift; path = ForecastResponseTests.swift; sourceTree = "<group>"; };
		9E34C43F28B1B551004E9FFB /* ForecastTests.swift */ = {isa = PBXFileReference; lastKnownFileType = sourcecode.swift; path = ForecastTests.swift; sourceTree = "<group>"; };
		9E34C44228B2435F004E9FFB /* HTTPMethodTests.swift */ = {isa = PBXFileReference; lastKnownFileType = sourcecode.swift; path = HTTPMethodTests.swift; sourceTree = "<group>"; };
		9E34C44428B243DC004E9FFB /* HTTPParametersTests.swift */ = {isa = PBXFileReference; lastKnownFileType = sourcecode.swift; path = HTTPParametersTests.swift; sourceTree = "<group>"; };
		9E34C44928B2465A004E9FFB /* HTTPClientTests.swift */ = {isa = PBXFileReference; lastKnownFileType = sourcecode.swift; path = HTTPClientTests.swift; sourceTree = "<group>"; };
		9E34C44C28B26259004E9FFB /* Result+SuccessFailure.swift */ = {isa = PBXFileReference; lastKnownFileType = sourcecode.swift; path = "Result+SuccessFailure.swift"; sourceTree = "<group>"; };
		9E34C45128B269D8004E9FFB /* ForecastServiceTests.swift */ = {isa = PBXFileReference; lastKnownFileType = sourcecode.swift; path = ForecastServiceTests.swift; sourceTree = "<group>"; };
		9E34C45428B26DF1004E9FFB /* JSONResponse.swift */ = {isa = PBXFileReference; lastKnownFileType = sourcecode.swift; path = JSONResponse.swift; sourceTree = "<group>"; };
		9E34C45628B26F4D004E9FFB /* TemperatureUnitServiceTests.swift */ = {isa = PBXFileReference; lastKnownFileType = sourcecode.swift; path = TemperatureUnitServiceTests.swift; sourceTree = "<group>"; };
		9E34C45828B26F58004E9FFB /* SavedCitiesServiceTests.swift */ = {isa = PBXFileReference; lastKnownFileType = sourcecode.swift; path = SavedCitiesServiceTests.swift; sourceTree = "<group>"; };
		9E3AECB528B19F5700FB0AB9 /* WeatherTests.xctest */ = {isa = PBXFileReference; explicitFileType = wrapper.cfbundle; includeInIndex = 0; path = WeatherTests.xctest; sourceTree = BUILT_PRODUCTS_DIR; };
		9E3AECB728B19F5700FB0AB9 /* WeatherTests.swift */ = {isa = PBXFileReference; lastKnownFileType = sourcecode.swift; path = WeatherTests.swift; sourceTree = "<group>"; };
		9E3AECC028B19F9000FB0AB9 /* StorageProviderTests.swift */ = {isa = PBXFileReference; lastKnownFileType = sourcecode.swift; path = StorageProviderTests.swift; sourceTree = "<group>"; };
		9E3AECC328B1A23300FB0AB9 /* RequestTests.swift */ = {isa = PBXFileReference; lastKnownFileType = sourcecode.swift; path = RequestTests.swift; sourceTree = "<group>"; };
		9E3AECC528B1A23E00FB0AB9 /* RequestManagerTests.swift */ = {isa = PBXFileReference; lastKnownFileType = sourcecode.swift; path = RequestManagerTests.swift; sourceTree = "<group>"; };
		9E3AECCC28B1AEA400FB0AB9 /* OpenWeatherMapRequestInterceptorTests.swift */ = {isa = PBXFileReference; lastKnownFileType = sourcecode.swift; path = OpenWeatherMapRequestInterceptorTests.swift; sourceTree = "<group>"; };
		9E3AECCE28B1AEB800FB0AB9 /* OpenWeatherMapRequestsTests.swift */ = {isa = PBXFileReference; lastKnownFileType = sourcecode.swift; path = OpenWeatherMapRequestsTests.swift; sourceTree = "<group>"; };
		9E3AECD128B1AED800FB0AB9 /* Forecast.swift */ = {isa = PBXFileReference; lastKnownFileType = sourcecode.swift; path = Forecast.swift; sourceTree = "<group>"; };
		9E7AB63928B1642100A76F2B /* URLSessionProtocol.swift */ = {isa = PBXFileReference; lastKnownFileType = sourcecode.swift; path = URLSessionProtocol.swift; sourceTree = "<group>"; };
		9E7AB63B28B1663900A76F2B /* WeatherScreenFactory.swift */ = {isa = PBXFileReference; lastKnownFileType = sourcecode.swift; path = WeatherScreenFactory.swift; sourceTree = "<group>"; };
		9E7AB63D28B169B200A76F2B /* SavedCitiesServiceProtocol.swift */ = {isa = PBXFileReference; lastKnownFileType = sourcecode.swift; path = SavedCitiesServiceProtocol.swift; sourceTree = "<group>"; };
		9E7AB63F28B169DE00A76F2B /* TemperatureUnitServiceProtocol.swift */ = {isa = PBXFileReference; lastKnownFileType = sourcecode.swift; path = TemperatureUnitServiceProtocol.swift; sourceTree = "<group>"; };
		9E9CBC3128AE745D00852A0C /* WeatherApp.swift */ = {isa = PBXFileReference; lastKnownFileType = sourcecode.swift; path = WeatherApp.swift; sourceTree = "<group>"; };
		9E9CBC3228AE745D00852A0C /* CityWeatherView.swift */ = {isa = PBXFileReference; lastKnownFileType = sourcecode.swift; path = CityWeatherView.swift; sourceTree = "<group>"; };
		9E9CBC3328AE745D00852A0C /* Assets.xcassets */ = {isa = PBXFileReference; lastKnownFileType = folder.assetcatalog; path = Assets.xcassets; sourceTree = "<group>"; };
		9E9CBC3828AE745E00852A0C /* Weather.app */ = {isa = PBXFileReference; explicitFileType = wrapper.application; includeInIndex = 0; path = Weather.app; sourceTree = BUILT_PRODUCTS_DIR; };
		9E9CBC4028AE745E00852A0C /* macOS.entitlements */ = {isa = PBXFileReference; lastKnownFileType = text.plist.entitlements; path = macOS.entitlements; sourceTree = "<group>"; };
		9E9CBC4928AE745E00852A0C /* Tests_iOS.swift */ = {isa = PBXFileReference; lastKnownFileType = sourcecode.swift; path = Tests_iOS.swift; sourceTree = "<group>"; };
		9E9CBC4B28AE745E00852A0C /* Tests_iOSLaunchTests.swift */ = {isa = PBXFileReference; lastKnownFileType = sourcecode.swift; path = Tests_iOSLaunchTests.swift; sourceTree = "<group>"; };
		9E9CBC6E28AE76CD00852A0C /* HTTPClient.swift */ = {isa = PBXFileReference; lastKnownFileType = sourcecode.swift; path = HTTPClient.swift; sourceTree = "<group>"; };
		9E9CBC7128AE76DB00852A0C /* HTTPClientProtocol.swift */ = {isa = PBXFileReference; lastKnownFileType = sourcecode.swift; path = HTTPClientProtocol.swift; sourceTree = "<group>"; };
		9E9CBC7328AE78B000852A0C /* HTTPMethod.swift */ = {isa = PBXFileReference; lastKnownFileType = sourcecode.swift; path = HTTPMethod.swift; sourceTree = "<group>"; };
		9E9CBC7828AE78ED00852A0C /* URLRequestConvertible.swift */ = {isa = PBXFileReference; lastKnownFileType = sourcecode.swift; path = URLRequestConvertible.swift; sourceTree = "<group>"; };
		9E9CBC7A28AE7EF500852A0C /* HTTPResponse.swift */ = {isa = PBXFileReference; lastKnownFileType = sourcecode.swift; path = HTTPResponse.swift; sourceTree = "<group>"; };
		9E9CBC7E28AE808D00852A0C /* RequestManager.swift */ = {isa = PBXFileReference; lastKnownFileType = sourcecode.swift; path = RequestManager.swift; sourceTree = "<group>"; };
		9E9CBC8028AE815D00852A0C /* URLConvertible.swift */ = {isa = PBXFileReference; lastKnownFileType = sourcecode.swift; path = URLConvertible.swift; sourceTree = "<group>"; };
		9E9CBC8228AE837200852A0C /* Request.swift */ = {isa = PBXFileReference; lastKnownFileType = sourcecode.swift; path = Request.swift; sourceTree = "<group>"; };
		9E9CBC8628AE85F600852A0C /* OpenWeatherMapRequests.swift */ = {isa = PBXFileReference; lastKnownFileType = sourcecode.swift; path = OpenWeatherMapRequests.swift; sourceTree = "<group>"; };
		9E9CBC8B28AE887500852A0C /* WeatherResponse.swift */ = {isa = PBXFileReference; lastKnownFileType = sourcecode.swift; path = WeatherResponse.swift; sourceTree = "<group>"; };
		9E9CBC8E28AE89D500852A0C /* HTTPParameters.swift */ = {isa = PBXFileReference; lastKnownFileType = sourcecode.swift; path = HTTPParameters.swift; sourceTree = "<group>"; };
		9E9CBC9028AE8F8000852A0C /* OpenWeatherMapRequestInterceptor.swift */ = {isa = PBXFileReference; lastKnownFileType = sourcecode.swift; path = OpenWeatherMapRequestInterceptor.swift; sourceTree = "<group>"; };
		9E9CBC9228AE925700852A0C /* RequestInterceptorProtocol.swift */ = {isa = PBXFileReference; lastKnownFileType = sourcecode.swift; path = RequestInterceptorProtocol.swift; sourceTree = "<group>"; };
		9E9CBC9628AE930500852A0C /* WeatherAppDependencies.swift */ = {isa = PBXFileReference; lastKnownFileType = sourcecode.swift; path = WeatherAppDependencies.swift; sourceTree = "<group>"; };
		9E9CBC9928AE987B00852A0C /* WeatherCardView.swift */ = {isa = PBXFileReference; lastKnownFileType = sourcecode.swift; path = WeatherCardView.swift; sourceTree = "<group>"; };
		9E9CBC9B28AECFA800852A0C /* WeatherCardViewItemView.swift */ = {isa = PBXFileReference; lastKnownFileType = sourcecode.swift; path = WeatherCardViewItemView.swift; sourceTree = "<group>"; };
		9E9CBC9F28AEDD2400852A0C /* CityWeatherViewModel.swift */ = {isa = PBXFileReference; lastKnownFileType = sourcecode.swift; path = CityWeatherViewModel.swift; sourceTree = "<group>"; };
		9E9CBCA128AEE0B600852A0C /* SearchCardView.swift */ = {isa = PBXFileReference; lastKnownFileType = sourcecode.swift; path = SearchCardView.swift; sourceTree = "<group>"; };
		9E9CBCA428AEEF7200852A0C /* FiveDaysForecastView.swift */ = {isa = PBXFileReference; lastKnownFileType = sourcecode.swift; path = FiveDaysForecastView.swift; sourceTree = "<group>"; };
		9E9CBCA728AF86CE00852A0C /* FiveDaysForecastItemView.swift */ = {isa = PBXFileReference; lastKnownFileType = sourcecode.swift; path = FiveDaysForecastItemView.swift; sourceTree = "<group>"; };
		9E9CBCAA28AF8CDE00852A0C /* ForecastResponse.swift */ = {isa = PBXFileReference; lastKnownFileType = sourcecode.swift; path = ForecastResponse.swift; sourceTree = "<group>"; };
		9E9CBCAE28AFAC3D00852A0C /* StorageProvider.swift */ = {isa = PBXFileReference; lastKnownFileType = sourcecode.swift; path = StorageProvider.swift; sourceTree = "<group>"; };
		9E9CBCB128AFB5E300852A0C /* TemperatureUnitService.swift */ = {isa = PBXFileReference; lastKnownFileType = sourcecode.swift; path = TemperatureUnitService.swift; sourceTree = "<group>"; };
		9E9CBCB328B0064F00852A0C /* FiveDaysForecastViewModel.swift */ = {isa = PBXFileReference; lastKnownFileType = sourcecode.swift; path = FiveDaysForecastViewModel.swift; sourceTree = "<group>"; };
		9E9CBCB528B006B300852A0C /* TemperatureFormatter.swift */ = {isa = PBXFileReference; lastKnownFileType = sourcecode.swift; path = TemperatureFormatter.swift; sourceTree = "<group>"; };
		9E9CBCB728B0082900852A0C /* StorageKeys.swift */ = {isa = PBXFileReference; lastKnownFileType = sourcecode.swift; path = StorageKeys.swift; sourceTree = "<group>"; };
		9E9CBCBB28B009B300852A0C /* TemperatureUnit.swift */ = {isa = PBXFileReference; lastKnownFileType = sourcecode.swift; path = TemperatureUnit.swift; sourceTree = "<group>"; };
		9E9CBCBE28B00A2100852A0C /* ContainerProtocol.swift */ = {isa = PBXFileReference; lastKnownFileType = sourcecode.swift; path = ContainerProtocol.swift; sourceTree = "<group>"; };
		9E9CBCC228B00A8B00852A0C /* SavedCitiesService.swift */ = {isa = PBXFileReference; lastKnownFileType = sourcecode.swift; path = SavedCitiesService.swift; sourceTree = "<group>"; };
		9EA26AB428B190DC0073CFB1 /* ForecastService.swift */ = {isa = PBXFileReference; lastKnownFileType = sourcecode.swift; path = ForecastService.swift; sourceTree = "<group>"; };
		9EA26AB628B190EE0073CFB1 /* ForecastServiceProtocol.swift */ = {isa = PBXFileReference; lastKnownFileType = sourcecode.swift; path = ForecastServiceProtocol.swift; sourceTree = "<group>"; };
		9EDBD8C728B384720033C148 /* TemperatureFormatterTests.swift */ = {isa = PBXFileReference; lastKnownFileType = sourcecode.swift; path = TemperatureFormatterTests.swift; sourceTree = "<group>"; };
		9EDBD8C928B3856F0033C148 /* TemperatureUnitTests.swift */ = {isa = PBXFileReference; lastKnownFileType = sourcecode.swift; path = TemperatureUnitTests.swift; sourceTree = "<group>"; };
		9EDBD8CD28B388AD0033C148 /* FiveDaysForecastViewModelTests.swift */ = {isa = PBXFileReference; lastKnownFileType = sourcecode.swift; path = FiveDaysForecastViewModelTests.swift; sourceTree = "<group>"; };
		9EDBD8D228B3939A0033C148 /* Sequence+AsyncMap.swift */ = {isa = PBXFileReference; lastKnownFileType = sourcecode.swift; path = "Sequence+AsyncMap.swift"; sourceTree = "<group>"; };
		9EDBD8D528B393E30033C148 /* CityWeatherViewModelTests.swift */ = {isa = PBXFileReference; lastKnownFileType = sourcecode.swift; path = CityWeatherViewModelTests.swift; sourceTree = "<group>"; };
		9EDBD8DD28B39A7B0033C148 /* WeatherUITests.xctest */ = {isa = PBXFileReference; explicitFileType = wrapper.cfbundle; includeInIndex = 0; path = WeatherUITests.xctest; sourceTree = BUILT_PRODUCTS_DIR; };
		9EDBD8DF28B39A7B0033C148 /* WeatherUITests.swift */ = {isa = PBXFileReference; lastKnownFileType = sourcecode.swift; path = WeatherUITests.swift; sourceTree = "<group>"; };
		9EDBD8E928B39BF40033C148 /* Constants.swift */ = {isa = PBXFileReference; lastKnownFileType = sourcecode.swift; path = Constants.swift; sourceTree = "<group>"; };
		9EDBD8EB28B39BFA0033C148 /* Credentials.swift */ = {isa = PBXFileReference; lastKnownFileType = sourcecode.swift; path = Credentials.swift; sourceTree = "<group>"; };
		9EDBD8ED28B39C2F0033C148 /* Environment.swift */ = {isa = PBXFileReference; lastKnownFileType = sourcecode.swift; path = Environment.swift; sourceTree = "<group>"; };
/* End PBXFileReference section */

/* Begin PBXFrameworksBuildPhase section */
		9E3AECB228B19F5700FB0AB9 /* Frameworks */ = {
			isa = PBXFrameworksBuildPhase;
			buildActionMask = 2147483647;
			files = (
			);
			runOnlyForDeploymentPostprocessing = 0;
		};
		9E9CBC3528AE745D00852A0C /* Frameworks */ = {
			isa = PBXFrameworksBuildPhase;
			buildActionMask = 2147483647;
			files = (
			);
			runOnlyForDeploymentPostprocessing = 0;
		};
		9EDBD8DA28B39A7B0033C148 /* Frameworks */ = {
			isa = PBXFrameworksBuildPhase;
			buildActionMask = 2147483647;
			files = (
			);
			runOnlyForDeploymentPostprocessing = 0;
		};
/* End PBXFrameworksBuildPhase section */

/* Begin PBXGroup section */
		9E34C43E28B1B546004E9FFB /* ModelTests */ = {
			isa = PBXGroup;
			children = (
				9E34C43F28B1B551004E9FFB /* ForecastTests.swift */,
			);
			path = ModelTests;
			sourceTree = "<group>";
		};
		9E34C44128B24349004E9FFB /* HTTPTests */ = {
			isa = PBXGroup;
			children = (
				9E34C44228B2435F004E9FFB /* HTTPMethodTests.swift */,
				9E34C44428B243DC004E9FFB /* HTTPParametersTests.swift */,
				9E34C44828B2464A004E9FFB /* HTTPClientTests */,
			);
			path = HTTPTests;
			sourceTree = "<group>";
		};
		9E34C44828B2464A004E9FFB /* HTTPClientTests */ = {
			isa = PBXGroup;
			children = (
				9E34C44928B2465A004E9FFB /* HTTPClientTests.swift */,
			);
			path = HTTPClientTests;
			sourceTree = "<group>";
		};
		9E34C44B28B26241004E9FFB /* Extensions */ = {
			isa = PBXGroup;
			children = (
				9E34C44C28B26259004E9FFB /* Result+SuccessFailure.swift */,
				9EDBD8D228B3939A0033C148 /* Sequence+AsyncMap.swift */,
			);
			path = Extensions;
			sourceTree = "<group>";
		};
		9E34C45028B263E6004E9FFB /* ServicesTests */ = {
			isa = PBXGroup;
			children = (
				9E34C45128B269D8004E9FFB /* ForecastServiceTests.swift */,
				9E34C45828B26F58004E9FFB /* SavedCitiesServiceTests.swift */,
				9EDBD8CB28B387930033C148 /* TemperatureUnitServiceTests */,
			);
			path = ServicesTests;
			sourceTree = "<group>";
		};
		9E34C45328B26DE7004E9FFB /* Helpers */ = {
			isa = PBXGroup;
			children = (
				9E34C45428B26DF1004E9FFB /* JSONResponse.swift */,
			);
			path = Helpers;
			sourceTree = "<group>";
		};
		9E3AECB628B19F5700FB0AB9 /* WeatherTests */ = {
			isa = PBXGroup;
			children = (
				9E3AECB728B19F5700FB0AB9 /* WeatherTests.swift */,
				9E34C45328B26DE7004E9FFB /* Helpers */,
				9EDBD8C628B3845C0033C148 /* HelperTests */,
				9E34C43E28B1B546004E9FFB /* ModelTests */,
				9E34C45028B263E6004E9FFB /* ServicesTests */,
				9E3AECBE28B19F7A00FB0AB9 /* ToolsTests */,
				9EDBD8CC28B388990033C148 /* ViewModelTests */,
			);
			path = WeatherTests;
			sourceTree = "<group>";
		};
		9E3AECBE28B19F7A00FB0AB9 /* ToolsTests */ = {
			isa = PBXGroup;
			children = (
				9E34C44128B24349004E9FFB /* HTTPTests */,
				9E3AECC728B1AE5600FB0AB9 /* ThirdParties */,
				9E3AECC228B1A22200FB0AB9 /* RequestManagerTests */,
				9E3AECBF28B19F8100FB0AB9 /* StorageProviderTests */,
			);
			path = ToolsTests;
			sourceTree = "<group>";
		};
		9E3AECBF28B19F8100FB0AB9 /* StorageProviderTests */ = {
			isa = PBXGroup;
			children = (
				9E3AECC028B19F9000FB0AB9 /* StorageProviderTests.swift */,
			);
			path = StorageProviderTests;
			sourceTree = "<group>";
		};
		9E3AECC228B1A22200FB0AB9 /* RequestManagerTests */ = {
			isa = PBXGroup;
			children = (
				9E3AECC328B1A23300FB0AB9 /* RequestTests.swift */,
				9E3AECC528B1A23E00FB0AB9 /* RequestManagerTests.swift */,
			);
			path = RequestManagerTests;
			sourceTree = "<group>";
		};
		9E3AECC728B1AE5600FB0AB9 /* ThirdParties */ = {
			isa = PBXGroup;
			children = (
				9E3AECC828B1AE6000FB0AB9 /* OpenWeatherMapTests */,
			);
			path = ThirdParties;
			sourceTree = "<group>";
		};
		9E3AECC828B1AE6000FB0AB9 /* OpenWeatherMapTests */ = {
			isa = PBXGroup;
			children = (
				9E3AECCC28B1AEA400FB0AB9 /* OpenWeatherMapRequestInterceptorTests.swift */,
				9E3AECCE28B1AEB800FB0AB9 /* OpenWeatherMapRequestsTests.swift */,
				9E3AECC928B1AE6700FB0AB9 /* OpenWeatherMapResponsesTests */,
			);
			path = OpenWeatherMapTests;
			sourceTree = "<group>";
		};
		9E3AECC928B1AE6700FB0AB9 /* OpenWeatherMapResponsesTests */ = {
			isa = PBXGroup;
			children = (
				9E34C43A28B1B0A1004E9FFB /* WeatherResponseTests.swift */,
				9E34C43C28B1B3AC004E9FFB /* ForecastResponseTests.swift */,
			);
			path = OpenWeatherMapResponsesTests;
			sourceTree = "<group>";
		};
		9E3AECD028B1AECF00FB0AB9 /* Models */ = {
			isa = PBXGroup;
			children = (
				9E3AECD128B1AED800FB0AB9 /* Forecast.swift */,
			);
			path = Models;
			sourceTree = "<group>";
		};
		9E9CBC2B28AE745D00852A0C = {
			isa = PBXGroup;
			children = (
				9E9CBC3028AE745D00852A0C /* Shared */,
				9E9CBC3F28AE745E00852A0C /* macOS */,
				9E9CBC4828AE745E00852A0C /* Tests iOS */,
				9E3AECB628B19F5700FB0AB9 /* WeatherTests */,
				9EDBD8DE28B39A7B0033C148 /* WeatherUITests */,
				9E9CBC3928AE745E00852A0C /* Products */,
			);
			sourceTree = "<group>";
		};
		9E9CBC3028AE745D00852A0C /* Shared */ = {
			isa = PBXGroup;
			children = (
				9E9CBC3128AE745D00852A0C /* WeatherApp.swift */,
				9E9CBC9628AE930500852A0C /* WeatherAppDependencies.swift */,
				9E7AB63B28B1663900A76F2B /* WeatherScreenFactory.swift */,
				9E9CBC3328AE745D00852A0C /* Assets.xcassets */,
				9E9CBC9828AE986800852A0C /* CityWeatherView */,
				9E34C44B28B26241004E9FFB /* Extensions */,
				9E9CBCA328AEEF5E00852A0C /* FiveDaysForecastView */,
				9E9CBCBA28B0089000852A0C /* Helpers */,
				9E3AECD028B1AECF00FB0AB9 /* Models */,
				9E9CBC7528AE78CC00852A0C /* Protocols */,
				9E9CBCB928B0086400852A0C /* Services */,
				9E9CBC6D28AE76BD00852A0C /* Tools */,
			);
			path = Shared;
			sourceTree = "<group>";
		};
		9E9CBC3928AE745E00852A0C /* Products */ = {
			isa = PBXGroup;
			children = (
				9E9CBC3828AE745E00852A0C /* Weather.app */,
				9E3AECB528B19F5700FB0AB9 /* WeatherTests.xctest */,
				9EDBD8DD28B39A7B0033C148 /* WeatherUITests.xctest */,
			);
			name = Products;
			sourceTree = "<group>";
		};
		9E9CBC3F28AE745E00852A0C /* macOS */ = {
			isa = PBXGroup;
			children = (
				9E9CBC4028AE745E00852A0C /* macOS.entitlements */,
			);
			path = macOS;
			sourceTree = "<group>";
		};
		9E9CBC4828AE745E00852A0C /* Tests iOS */ = {
			isa = PBXGroup;
			children = (
				9E9CBC4928AE745E00852A0C /* Tests_iOS.swift */,
				9E9CBC4B28AE745E00852A0C /* Tests_iOSLaunchTests.swift */,
			);
			path = "Tests iOS";
			sourceTree = "<group>";
		};
		9E9CBC6D28AE76BD00852A0C /* Tools */ = {
			isa = PBXGroup;
			children = (
				9E9CBC7C28AE7F5C00852A0C /* HTTP */,
				9E9CBCBD28B009DB00852A0C /* ThirdParties */,
				9E9CBC7D28AE807E00852A0C /* RequestManager */,
				9E9CBCB028AFAC4000852A0C /* StorageProvider */,
			);
			path = Tools;
			sourceTree = "<group>";
		};
		9E9CBC7028AE76D000852A0C /* HTTPClient */ = {
			isa = PBXGroup;
			children = (
				9E9CBC6E28AE76CD00852A0C /* HTTPClient.swift */,
				9E9CBC7128AE76DB00852A0C /* HTTPClientProtocol.swift */,
			);
			path = HTTPClient;
			sourceTree = "<group>";
		};
		9E9CBC7528AE78CC00852A0C /* Protocols */ = {
			isa = PBXGroup;
			children = (
				9E9CBCBE28B00A2100852A0C /* ContainerProtocol.swift */,
				9E9CBC8028AE815D00852A0C /* URLConvertible.swift */,
				9E9CBC7828AE78ED00852A0C /* URLRequestConvertible.swift */,
				9E7AB63928B1642100A76F2B /* URLSessionProtocol.swift */,
			);
			path = Protocols;
			sourceTree = "<group>";
		};
		9E9CBC7C28AE7F5C00852A0C /* HTTP */ = {
			isa = PBXGroup;
			children = (
				9E9CBC7328AE78B000852A0C /* HTTPMethod.swift */,
				9E9CBC8E28AE89D500852A0C /* HTTPParameters.swift */,
				9E9CBC7A28AE7EF500852A0C /* HTTPResponse.swift */,
				9E9CBC7028AE76D000852A0C /* HTTPClient */,
			);
			path = HTTP;
			sourceTree = "<group>";
		};
		9E9CBC7D28AE807E00852A0C /* RequestManager */ = {
			isa = PBXGroup;
			children = (
				9E9CBC8228AE837200852A0C /* Request.swift */,
				9E9CBC9228AE925700852A0C /* RequestInterceptorProtocol.swift */,
				9E9CBC7E28AE808D00852A0C /* RequestManager.swift */,
			);
			path = RequestManager;
			sourceTree = "<group>";
		};
		9E9CBC8928AE882800852A0C /* OpenWeatherMap */ = {
			isa = PBXGroup;
			children = (
				9E9CBC9028AE8F8000852A0C /* OpenWeatherMapRequestInterceptor.swift */,
				9E9CBC8628AE85F600852A0C /* OpenWeatherMapRequests.swift */,
				9E9CBC8D28AE888900852A0C /* OpenWeatherMapResponses */,
			);
			path = OpenWeatherMap;
			sourceTree = "<group>";
		};
		9E9CBC8D28AE888900852A0C /* OpenWeatherMapResponses */ = {
			isa = PBXGroup;
			children = (
				9E9CBC8B28AE887500852A0C /* WeatherResponse.swift */,
				9E9CBCAA28AF8CDE00852A0C /* ForecastResponse.swift */,
			);
			path = OpenWeatherMapResponses;
			sourceTree = "<group>";
		};
		9E9CBC9828AE986800852A0C /* CityWeatherView */ = {
			isa = PBXGroup;
			children = (
				9E9CBC3228AE745D00852A0C /* CityWeatherView.swift */,
				9E9CBC9F28AEDD2400852A0C /* CityWeatherViewModel.swift */,
				9E9CBC9D28AED9EB00852A0C /* Subviews */,
			);
			path = CityWeatherView;
			sourceTree = "<group>";
		};
		9E9CBC9D28AED9EB00852A0C /* Subviews */ = {
			isa = PBXGroup;
			children = (
				9E9CBCA128AEE0B600852A0C /* SearchCardView.swift */,
				9E9CBC9928AE987B00852A0C /* WeatherCardView.swift */,
				9E9CBC9E28AED9F300852A0C /* Subviews */,
			);
			path = Subviews;
			sourceTree = "<group>";
		};
		9E9CBC9E28AED9F300852A0C /* Subviews */ = {
			isa = PBXGroup;
			children = (
				9E9CBC9B28AECFA800852A0C /* WeatherCardViewItemView.swift */,
			);
			path = Subviews;
			sourceTree = "<group>";
		};
		9E9CBCA328AEEF5E00852A0C /* FiveDaysForecastView */ = {
			isa = PBXGroup;
			children = (
				9E9CBCA428AEEF7200852A0C /* FiveDaysForecastView.swift */,
				9E9CBCB328B0064F00852A0C /* FiveDaysForecastViewModel.swift */,
				9E9CBCA628AF86A800852A0C /* Subviews */,
			);
			path = FiveDaysForecastView;
			sourceTree = "<group>";
		};
		9E9CBCA628AF86A800852A0C /* Subviews */ = {
			isa = PBXGroup;
			children = (
				9E9CBCA728AF86CE00852A0C /* FiveDaysForecastItemView.swift */,
			);
			path = Subviews;
			sourceTree = "<group>";
		};
		9E9CBCB028AFAC4000852A0C /* StorageProvider */ = {
			isa = PBXGroup;
			children = (
				9E9CBCAE28AFAC3D00852A0C /* StorageProvider.swift */,
				9E9CBCB728B0082900852A0C /* StorageKeys.swift */,
			);
			path = StorageProvider;
			sourceTree = "<group>";
		};
		9E9CBCB928B0086400852A0C /* Services */ = {
			isa = PBXGroup;
			children = (
				9EA26AB328B190C80073CFB1 /* ForecastService */,
				9E9CBCC028B00A6200852A0C /* TemperatureUnitService */,
				9E9CBCC428B00A9300852A0C /* SavedCitiesService */,
			);
			path = Services;
			sourceTree = "<group>";
		};
		9E9CBCBA28B0089000852A0C /* Helpers */ = {
			isa = PBXGroup;
			children = (
				9E9CBCB528B006B300852A0C /* TemperatureFormatter.swift */,
				9EDBD8E928B39BF40033C148 /* Constants.swift */,
				9EDBD8EB28B39BFA0033C148 /* Credentials.swift */,
				9EDBD8ED28B39C2F0033C148 /* Environment.swift */,
			);
			path = Helpers;
			sourceTree = "<group>";
		};
		9E9CBCBD28B009DB00852A0C /* ThirdParties */ = {
			isa = PBXGroup;
			children = (
				9E9CBC8928AE882800852A0C /* OpenWeatherMap */,
			);
			path = ThirdParties;
			sourceTree = "<group>";
		};
		9E9CBCC028B00A6200852A0C /* TemperatureUnitService */ = {
			isa = PBXGroup;
			children = (
				9E9CBCBB28B009B300852A0C /* TemperatureUnit.swift */,
				9E9CBCB128AFB5E300852A0C /* TemperatureUnitService.swift */,
				9E7AB63F28B169DE00A76F2B /* TemperatureUnitServiceProtocol.swift */,
			);
			path = TemperatureUnitService;
			sourceTree = "<group>";
		};
		9E9CBCC428B00A9300852A0C /* SavedCitiesService */ = {
			isa = PBXGroup;
			children = (
				9E9CBCC228B00A8B00852A0C /* SavedCitiesService.swift */,
				9E7AB63D28B169B200A76F2B /* SavedCitiesServiceProtocol.swift */,
			);
			path = SavedCitiesService;
			sourceTree = "<group>";
		};
		9EA26AB328B190C80073CFB1 /* ForecastService */ = {
			isa = PBXGroup;
			children = (
				9EA26AB428B190DC0073CFB1 /* ForecastService.swift */,
				9EA26AB628B190EE0073CFB1 /* ForecastServiceProtocol.swift */,
			);
			path = ForecastService;
			sourceTree = "<group>";
		};
		9EDBD8C628B3845C0033C148 /* HelperTests */ = {
			isa = PBXGroup;
			children = (
				9EDBD8C728B384720033C148 /* TemperatureFormatterTests.swift */,
			);
			path = HelperTests;
			sourceTree = "<group>";
		};
		9EDBD8CB28B387930033C148 /* TemperatureUnitServiceTests */ = {
			isa = PBXGroup;
			children = (
				9E34C45628B26F4D004E9FFB /* TemperatureUnitServiceTests.swift */,
				9EDBD8C928B3856F0033C148 /* TemperatureUnitTests.swift */,
			);
			path = TemperatureUnitServiceTests;
			sourceTree = "<group>";
		};
		9EDBD8CC28B388990033C148 /* ViewModelTests */ = {
			isa = PBXGroup;
			children = (
				9EDBD8CD28B388AD0033C148 /* FiveDaysForecastViewModelTests.swift */,
				9EDBD8D528B393E30033C148 /* CityWeatherViewModelTests.swift */,
			);
			path = ViewModelTests;
			sourceTree = "<group>";
		};
		9EDBD8DE28B39A7B0033C148 /* WeatherUITests */ = {
			isa = PBXGroup;
			children = (
				9EDBD8DF28B39A7B0033C148 /* WeatherUITests.swift */,
			);
			path = WeatherUITests;
			sourceTree = "<group>";
		};
/* End PBXGroup section */

/* Begin PBXNativeTarget section */
		9E3AECB428B19F5700FB0AB9 /* WeatherTests */ = {
			isa = PBXNativeTarget;
			buildConfigurationList = 9E3AECBD28B19F5700FB0AB9 /* Build configuration list for PBXNativeTarget "WeatherTests" */;
			buildPhases = (
				9E3AECB128B19F5700FB0AB9 /* Sources */,
				9E3AECB228B19F5700FB0AB9 /* Frameworks */,
				9E3AECB328B19F5700FB0AB9 /* Resources */,
			);
			buildRules = (
			);
			dependencies = (
				9E3AECBA28B19F5700FB0AB9 /* PBXTargetDependency */,
			);
			name = WeatherTests;
			productName = WeatherTests;
			productReference = 9E3AECB528B19F5700FB0AB9 /* WeatherTests.xctest */;
			productType = "com.apple.product-type.bundle.unit-test";
		};
		9E9CBC3728AE745D00852A0C /* Weather (iOS) */ = {
			isa = PBXNativeTarget;
			buildConfigurationList = 9E9CBC6128AE745E00852A0C /* Build configuration list for PBXNativeTarget "Weather (iOS)" */;
			buildPhases = (
				9E9CBC3428AE745D00852A0C /* Sources */,
				9E9CBC3528AE745D00852A0C /* Frameworks */,
				9E9CBC3628AE745D00852A0C /* Resources */,
			);
			buildRules = (
			);
			dependencies = (
			);
			name = "Weather (iOS)";
			productName = "Weather (iOS)";
			productReference = 9E9CBC3828AE745E00852A0C /* Weather.app */;
			productType = "com.apple.product-type.application";
		};
		9EDBD8DC28B39A7B0033C148 /* WeatherUITests */ = {
			isa = PBXNativeTarget;
			buildConfigurationList = 9EDBD8E528B39A7B0033C148 /* Build configuration list for PBXNativeTarget "WeatherUITests" */;
			buildPhases = (
				9EDBD8D928B39A7B0033C148 /* Sources */,
				9EDBD8DA28B39A7B0033C148 /* Frameworks */,
				9EDBD8DB28B39A7B0033C148 /* Resources */,
			);
			buildRules = (
			);
			dependencies = (
				9EDBD8E428B39A7B0033C148 /* PBXTargetDependency */,
			);
			name = WeatherUITests;
			productName = WeatherUITests;
			productReference = 9EDBD8DD28B39A7B0033C148 /* WeatherUITests.xctest */;
			productType = "com.apple.product-type.bundle.ui-testing";
		};
/* End PBXNativeTarget section */

/* Begin PBXProject section */
		9E9CBC2C28AE745D00852A0C /* Project object */ = {
			isa = PBXProject;
			attributes = {
				BuildIndependentTargetsInParallel = 1;
				LastSwiftUpdateCheck = 1340;
				LastUpgradeCheck = 1340;
				TargetAttributes = {
					9E3AECB428B19F5700FB0AB9 = {
						CreatedOnToolsVersion = 13.4.1;
						TestTargetID = 9E9CBC3728AE745D00852A0C;
					};
					9E9CBC3728AE745D00852A0C = {
						CreatedOnToolsVersion = 13.4.1;
					};
					9EDBD8DC28B39A7B0033C148 = {
						CreatedOnToolsVersion = 13.4.1;
						TestTargetID = 9E9CBC3728AE745D00852A0C;
					};
				};
			};
			buildConfigurationList = 9E9CBC2F28AE745D00852A0C /* Build configuration list for PBXProject "Weather" */;
			compatibilityVersion = "Xcode 13.0";
			developmentRegion = en;
			hasScannedForEncodings = 0;
			knownRegions = (
				en,
				Base,
			);
			mainGroup = 9E9CBC2B28AE745D00852A0C;
			productRefGroup = 9E9CBC3928AE745E00852A0C /* Products */;
			projectDirPath = "";
			projectRoot = "";
			targets = (
				9E9CBC3728AE745D00852A0C /* Weather (iOS) */,
				9E3AECB428B19F5700FB0AB9 /* WeatherTests */,
				9EDBD8DC28B39A7B0033C148 /* WeatherUITests */,
			);
		};
/* End PBXProject section */

/* Begin PBXResourcesBuildPhase section */
		9E3AECB328B19F5700FB0AB9 /* Resources */ = {
			isa = PBXResourcesBuildPhase;
			buildActionMask = 2147483647;
			files = (
			);
			runOnlyForDeploymentPostprocessing = 0;
		};
		9E9CBC3628AE745D00852A0C /* Resources */ = {
			isa = PBXResourcesBuildPhase;
			buildActionMask = 2147483647;
			files = (
				9E9CBC5D28AE745E00852A0C /* Assets.xcassets in Resources */,
			);
			runOnlyForDeploymentPostprocessing = 0;
		};
		9EDBD8DB28B39A7B0033C148 /* Resources */ = {
			isa = PBXResourcesBuildPhase;
			buildActionMask = 2147483647;
			files = (
			);
			runOnlyForDeploymentPostprocessing = 0;
		};
/* End PBXResourcesBuildPhase section */

/* Begin PBXSourcesBuildPhase section */
		9E3AECB128B19F5700FB0AB9 /* Sources */ = {
			isa = PBXSourcesBuildPhase;
			buildActionMask = 2147483647;
			files = (
				9E34C45928B26F58004E9FFB /* SavedCitiesServiceTests.swift in Sources */,
				9E34C44528B243DC004E9FFB /* HTTPParametersTests.swift in Sources */,
				9EDBD8D628B393E30033C148 /* CityWeatherViewModelTests.swift in Sources */,
				9E3AECC428B1A23300FB0AB9 /* RequestTests.swift in Sources */,
				9E34C44A28B2465A004E9FFB /* HTTPClientTests.swift in Sources */,
				9EDBD8CA28B3856F0033C148 /* TemperatureUnitTests.swift in Sources */,
				9E3AECCF28B1AEB800FB0AB9 /* OpenWeatherMapRequestsTests.swift in Sources */,
				9E34C45728B26F4D004E9FFB /* TemperatureUnitServiceTests.swift in Sources */,
				9E34C43B28B1B0A1004E9FFB /* WeatherResponseTests.swift in Sources */,
				9E3AECC128B19F9000FB0AB9 /* StorageProviderTests.swift in Sources */,
				9E34C45528B26DF1004E9FFB /* JSONResponse.swift in Sources */,
				9E3AECB828B19F5700FB0AB9 /* WeatherTests.swift in Sources */,
				9E3AECC628B1A23E00FB0AB9 /* RequestManagerTests.swift in Sources */,
				9EDBD8C828B384720033C148 /* TemperatureFormatterTests.swift in Sources */,
				9E34C44328B2435F004E9FFB /* HTTPMethodTests.swift in Sources */,
				9E34C45228B269D8004E9FFB /* ForecastServiceTests.swift in Sources */,
				9E3AECCD28B1AEA400FB0AB9 /* OpenWeatherMapRequestInterceptorTests.swift in Sources */,
				9EDBD8CE28B388AD0033C148 /* FiveDaysForecastViewModelTests.swift in Sources */,
				9E34C44028B1B551004E9FFB /* ForecastTests.swift in Sources */,
				9E34C43D28B1B3AC004E9FFB /* ForecastResponseTests.swift in Sources */,
			);
			runOnlyForDeploymentPostprocessing = 0;
		};
		9E9CBC3428AE745D00852A0C /* Sources */ = {
			isa = PBXSourcesBuildPhase;
			buildActionMask = 2147483647;
			files = (
				9E9CBCB428B0064F00852A0C /* FiveDaysForecastViewModel.swift in Sources */,
				9E9CBC7928AE78ED00852A0C /* URLRequestConvertible.swift in Sources */,
				9EDBD8D428B393B20033C148 /* Sequence+AsyncMap.swift in Sources */,
				9E9CBC8128AE815D00852A0C /* URLConvertible.swift in Sources */,
				9E9CBCB228AFB5E300852A0C /* TemperatureUnitService.swift in Sources */,
				9E9CBCAF28AFAC3D00852A0C /* StorageProvider.swift in Sources */,
				9E9CBCA028AEDD2400852A0C /* CityWeatherViewModel.swift in Sources */,
				9E9CBCC328B00A8B00852A0C /* SavedCitiesService.swift in Sources */,
				9E9CBC9728AE930500852A0C /* WeatherAppDependencies.swift in Sources */,
				9E9CBC7228AE76DB00852A0C /* HTTPClientProtocol.swift in Sources */,
				9E34C44E28B262AF004E9FFB /* Result+SuccessFailure.swift in Sources */,
				9E9CBCB828B0082900852A0C /* StorageKeys.swift in Sources */,
				9E7AB63E28B169B200A76F2B /* SavedCitiesServiceProtocol.swift in Sources */,
				9E9CBC5B28AE745E00852A0C /* CityWeatherView.swift in Sources */,
				9E9CBC9128AE8F8000852A0C /* OpenWeatherMapRequestInterceptor.swift in Sources */,
				9E9CBC7F28AE808D00852A0C /* RequestManager.swift in Sources */,
				9E9CBC7B28AE7EF500852A0C /* HTTPResponse.swift in Sources */,
				9E7AB63C28B1663900A76F2B /* WeatherScreenFactory.swift in Sources */,
				9E9CBCA228AEE0B600852A0C /* SearchCardView.swift in Sources */,
				9E9CBCA828AF86CE00852A0C /* FiveDaysForecastItemView.swift in Sources */,
				9E9CBCA928AF883800852A0C /* WeatherCardView.swift in Sources */,
				9E9CBCBC28B009B300852A0C /* TemperatureUnit.swift in Sources */,
				9E9CBC9C28AECFA800852A0C /* WeatherCardViewItemView.swift in Sources */,
				9E9CBC8728AE85F600852A0C /* OpenWeatherMapRequests.swift in Sources */,
				9EDBD8F028B39DB30033C148 /* Credentials.swift in Sources */,
				9EDBD8EF28B39DB00033C148 /* Constants.swift in Sources */,
				9E9CBC5928AE745E00852A0C /* WeatherApp.swift in Sources */,
				9EA26AB728B190EE0073CFB1 /* ForecastServiceProtocol.swift in Sources */,
				9E9CBC9328AE925700852A0C /* RequestInterceptorProtocol.swift in Sources */,
				9E9CBCBF28B00A2100852A0C /* ContainerProtocol.swift in Sources */,
				9E9CBCA528AEEF7200852A0C /* FiveDaysForecastView.swift in Sources */,
				9E9CBC8F28AE89D500852A0C /* HTTPParameters.swift in Sources */,
				9E9CBC8328AE837200852A0C /* Request.swift in Sources */,
				9EDBD8F128B39DB50033C148 /* Environment.swift in Sources */,
				9EA26AB528B190DC0073CFB1 /* ForecastService.swift in Sources */,
				9E9CBC8C28AE887500852A0C /* WeatherResponse.swift in Sources */,
				9E9CBCB628B006B300852A0C /* TemperatureFormatter.swift in Sources */,
				9E7AB63A28B1642100A76F2B /* URLSessionProtocol.swift in Sources */,
				9E9CBC7428AE78B000852A0C /* HTTPMethod.swift in Sources */,
				9E9CBC6F28AE76CD00852A0C /* HTTPClient.swift in Sources */,
				9E9CBCAB28AF8CDE00852A0C /* ForecastResponse.swift in Sources */,
				9E34C43928B1AFE2004E9FFB /* Forecast.swift in Sources */,
				9E7AB64028B169DE00A76F2B /* TemperatureUnitServiceProtocol.swift in Sources */,
			);
			runOnlyForDeploymentPostprocessing = 0;
		};
		9EDBD8D928B39A7B0033C148 /* Sources */ = {
			isa = PBXSourcesBuildPhase;
			buildActionMask = 2147483647;
			files = (
				9EDBD8E028B39A7B0033C148 /* WeatherUITests.swift in Sources */,
			);
			runOnlyForDeploymentPostprocessing = 0;
		};
/* End PBXSourcesBuildPhase section */

/* Begin PBXTargetDependency section */
		9E3AECBA28B19F5700FB0AB9 /* PBXTargetDependency */ = {
			isa = PBXTargetDependency;
			target = 9E9CBC3728AE745D00852A0C /* Weather (iOS) */;
			targetProxy = 9E3AECB928B19F5700FB0AB9 /* PBXContainerItemProxy */;
		};
		9EDBD8E428B39A7B0033C148 /* PBXTargetDependency */ = {
			isa = PBXTargetDependency;
			target = 9E9CBC3728AE745D00852A0C /* Weather (iOS) */;
			targetProxy = 9EDBD8E328B39A7B0033C148 /* PBXContainerItemProxy */;
		};
/* End PBXTargetDependency section */

/* Begin XCBuildConfiguration section */
		9E3AECBB28B19F5700FB0AB9 /* Debug */ = {
			isa = XCBuildConfiguration;
			buildSettings = {
				BUNDLE_LOADER = "$(TEST_HOST)";
				CODE_SIGN_STYLE = Automatic;
				CURRENT_PROJECT_VERSION = 1;
				GENERATE_INFOPLIST_FILE = YES;
				IPHONEOS_DEPLOYMENT_TARGET = 15.5;
				MARKETING_VERSION = 1.0;
				PRODUCT_BUNDLE_IDENTIFIER = me.issarapong.WeatherTests;
				PRODUCT_NAME = "$(TARGET_NAME)";
				SDKROOT = iphoneos;
				SWIFT_EMIT_LOC_STRINGS = NO;
				SWIFT_VERSION = 5.0;
				TARGETED_DEVICE_FAMILY = "1,2";
				TEST_HOST = "$(BUILT_PRODUCTS_DIR)/Weather.app/Weather";
			};
			name = Debug;
		};
		9E3AECBC28B19F5700FB0AB9 /* Release */ = {
			isa = XCBuildConfiguration;
			buildSettings = {
				BUNDLE_LOADER = "$(TEST_HOST)";
				CODE_SIGN_STYLE = Automatic;
				CURRENT_PROJECT_VERSION = 1;
				GENERATE_INFOPLIST_FILE = YES;
				IPHONEOS_DEPLOYMENT_TARGET = 15.5;
				MARKETING_VERSION = 1.0;
				PRODUCT_BUNDLE_IDENTIFIER = me.issarapong.WeatherTests;
				PRODUCT_NAME = "$(TARGET_NAME)";
				SDKROOT = iphoneos;
				SWIFT_EMIT_LOC_STRINGS = NO;
				SWIFT_VERSION = 5.0;
				TARGETED_DEVICE_FAMILY = "1,2";
				TEST_HOST = "$(BUILT_PRODUCTS_DIR)/Weather.app/Weather";
				VALIDATE_PRODUCT = YES;
			};
			name = Release;
		};
		9E9CBC5F28AE745E00852A0C /* Debug */ = {
			isa = XCBuildConfiguration;
			buildSettings = {
				ALWAYS_SEARCH_USER_PATHS = NO;
				CLANG_ANALYZER_NONNULL = YES;
				CLANG_ANALYZER_NUMBER_OBJECT_CONVERSION = YES_AGGRESSIVE;
				CLANG_CXX_LANGUAGE_STANDARD = "gnu++17";
				CLANG_ENABLE_MODULES = YES;
				CLANG_ENABLE_OBJC_ARC = YES;
				CLANG_ENABLE_OBJC_WEAK = YES;
				CLANG_WARN_BLOCK_CAPTURE_AUTORELEASING = YES;
				CLANG_WARN_BOOL_CONVERSION = YES;
				CLANG_WARN_COMMA = YES;
				CLANG_WARN_CONSTANT_CONVERSION = YES;
				CLANG_WARN_DEPRECATED_OBJC_IMPLEMENTATIONS = YES;
				CLANG_WARN_DIRECT_OBJC_ISA_USAGE = YES_ERROR;
				CLANG_WARN_DOCUMENTATION_COMMENTS = YES;
				CLANG_WARN_EMPTY_BODY = YES;
				CLANG_WARN_ENUM_CONVERSION = YES;
				CLANG_WARN_INFINITE_RECURSION = YES;
				CLANG_WARN_INT_CONVERSION = YES;
				CLANG_WARN_NON_LITERAL_NULL_CONVERSION = YES;
				CLANG_WARN_OBJC_IMPLICIT_RETAIN_SELF = YES;
				CLANG_WARN_OBJC_LITERAL_CONVERSION = YES;
				CLANG_WARN_OBJC_ROOT_CLASS = YES_ERROR;
				CLANG_WARN_QUOTED_INCLUDE_IN_FRAMEWORK_HEADER = YES;
				CLANG_WARN_RANGE_LOOP_ANALYSIS = YES;
				CLANG_WARN_STRICT_PROTOTYPES = YES;
				CLANG_WARN_SUSPICIOUS_MOVE = YES;
				CLANG_WARN_UNGUARDED_AVAILABILITY = YES_AGGRESSIVE;
				CLANG_WARN_UNREACHABLE_CODE = YES;
				CLANG_WARN__DUPLICATE_METHOD_MATCH = YES;
				COPY_PHASE_STRIP = NO;
				DEBUG_INFORMATION_FORMAT = dwarf;
				ENABLE_STRICT_OBJC_MSGSEND = YES;
				ENABLE_TESTABILITY = YES;
				GCC_C_LANGUAGE_STANDARD = gnu11;
				GCC_DYNAMIC_NO_PIC = NO;
				GCC_NO_COMMON_BLOCKS = YES;
				GCC_OPTIMIZATION_LEVEL = 0;
				GCC_PREPROCESSOR_DEFINITIONS = (
					"DEBUG=1",
					"$(inherited)",
				);
				GCC_WARN_64_TO_32_BIT_CONVERSION = YES;
				GCC_WARN_ABOUT_RETURN_TYPE = YES_ERROR;
				GCC_WARN_UNDECLARED_SELECTOR = YES;
				GCC_WARN_UNINITIALIZED_AUTOS = YES_AGGRESSIVE;
				GCC_WARN_UNUSED_FUNCTION = YES;
				GCC_WARN_UNUSED_VARIABLE = YES;
				MTL_ENABLE_DEBUG_INFO = INCLUDE_SOURCE;
				MTL_FAST_MATH = YES;
				ONLY_ACTIVE_ARCH = YES;
				SWIFT_ACTIVE_COMPILATION_CONDITIONS = DEBUG;
				SWIFT_OPTIMIZATION_LEVEL = "-Onone";
			};
			name = Debug;
		};
		9E9CBC6028AE745E00852A0C /* Release */ = {
			isa = XCBuildConfiguration;
			buildSettings = {
				ALWAYS_SEARCH_USER_PATHS = NO;
				CLANG_ANALYZER_NONNULL = YES;
				CLANG_ANALYZER_NUMBER_OBJECT_CONVERSION = YES_AGGRESSIVE;
				CLANG_CXX_LANGUAGE_STANDARD = "gnu++17";
				CLANG_ENABLE_MODULES = YES;
				CLANG_ENABLE_OBJC_ARC = YES;
				CLANG_ENABLE_OBJC_WEAK = YES;
				CLANG_WARN_BLOCK_CAPTURE_AUTORELEASING = YES;
				CLANG_WARN_BOOL_CONVERSION = YES;
				CLANG_WARN_COMMA = YES;
				CLANG_WARN_CONSTANT_CONVERSION = YES;
				CLANG_WARN_DEPRECATED_OBJC_IMPLEMENTATIONS = YES;
				CLANG_WARN_DIRECT_OBJC_ISA_USAGE = YES_ERROR;
				CLANG_WARN_DOCUMENTATION_COMMENTS = YES;
				CLANG_WARN_EMPTY_BODY = YES;
				CLANG_WARN_ENUM_CONVERSION = YES;
				CLANG_WARN_INFINITE_RECURSION = YES;
				CLANG_WARN_INT_CONVERSION = YES;
				CLANG_WARN_NON_LITERAL_NULL_CONVERSION = YES;
				CLANG_WARN_OBJC_IMPLICIT_RETAIN_SELF = YES;
				CLANG_WARN_OBJC_LITERAL_CONVERSION = YES;
				CLANG_WARN_OBJC_ROOT_CLASS = YES_ERROR;
				CLANG_WARN_QUOTED_INCLUDE_IN_FRAMEWORK_HEADER = YES;
				CLANG_WARN_RANGE_LOOP_ANALYSIS = YES;
				CLANG_WARN_STRICT_PROTOTYPES = YES;
				CLANG_WARN_SUSPICIOUS_MOVE = YES;
				CLANG_WARN_UNGUARDED_AVAILABILITY = YES_AGGRESSIVE;
				CLANG_WARN_UNREACHABLE_CODE = YES;
				CLANG_WARN__DUPLICATE_METHOD_MATCH = YES;
				COPY_PHASE_STRIP = NO;
				DEBUG_INFORMATION_FORMAT = "dwarf-with-dsym";
				ENABLE_NS_ASSERTIONS = NO;
				ENABLE_STRICT_OBJC_MSGSEND = YES;
				GCC_C_LANGUAGE_STANDARD = gnu11;
				GCC_NO_COMMON_BLOCKS = YES;
				GCC_WARN_64_TO_32_BIT_CONVERSION = YES;
				GCC_WARN_ABOUT_RETURN_TYPE = YES_ERROR;
				GCC_WARN_UNDECLARED_SELECTOR = YES;
				GCC_WARN_UNINITIALIZED_AUTOS = YES_AGGRESSIVE;
				GCC_WARN_UNUSED_FUNCTION = YES;
				GCC_WARN_UNUSED_VARIABLE = YES;
				MTL_ENABLE_DEBUG_INFO = NO;
				MTL_FAST_MATH = YES;
				SWIFT_COMPILATION_MODE = wholemodule;
				SWIFT_OPTIMIZATION_LEVEL = "-O";
			};
			name = Release;
		};
		9E9CBC6228AE745E00852A0C /* Debug */ = {
			isa = XCBuildConfiguration;
			buildSettings = {
				ASSETCATALOG_COMPILER_APPICON_NAME = AppIcon;
				ASSETCATALOG_COMPILER_GLOBAL_ACCENT_COLOR_NAME = AccentColor;
				CODE_SIGN_STYLE = Automatic;
				CURRENT_PROJECT_VERSION = 1;
				ENABLE_PREVIEWS = YES;
				GENERATE_INFOPLIST_FILE = YES;
				INFOPLIST_KEY_UIApplicationSceneManifest_Generation = YES;
				INFOPLIST_KEY_UIApplicationSupportsIndirectInputEvents = YES;
				INFOPLIST_KEY_UILaunchScreen_Generation = YES;
				INFOPLIST_KEY_UISupportedInterfaceOrientations_iPad = "UIInterfaceOrientationPortrait UIInterfaceOrientationPortraitUpsideDown UIInterfaceOrientationLandscapeLeft UIInterfaceOrientationLandscapeRight";
				INFOPLIST_KEY_UISupportedInterfaceOrientations_iPhone = "UIInterfaceOrientationPortrait UIInterfaceOrientationLandscapeLeft UIInterfaceOrientationLandscapeRight";
				IPHONEOS_DEPLOYMENT_TARGET = 15.5;
				LD_RUNPATH_SEARCH_PATHS = (
					"$(inherited)",
					"@executable_path/Frameworks",
				);
				MARKETING_VERSION = 1.0;
				PRODUCT_BUNDLE_IDENTIFIER = me.issarapong.Weather;
				PRODUCT_NAME = Weather;
				SDKROOT = iphoneos;
				SWIFT_EMIT_LOC_STRINGS = YES;
				SWIFT_VERSION = 5.0;
				TARGETED_DEVICE_FAMILY = 1;
			};
			name = Debug;
		};
		9E9CBC6328AE745E00852A0C /* Release */ = {
			isa = XCBuildConfiguration;
			buildSettings = {
				ASSETCATALOG_COMPILER_APPICON_NAME = AppIcon;
				ASSETCATALOG_COMPILER_GLOBAL_ACCENT_COLOR_NAME = AccentColor;
				CODE_SIGN_STYLE = Automatic;
				CURRENT_PROJECT_VERSION = 1;
				ENABLE_PREVIEWS = YES;
				GENERATE_INFOPLIST_FILE = YES;
				INFOPLIST_KEY_UIApplicationSceneManifest_Generation = YES;
				INFOPLIST_KEY_UIApplicationSupportsIndirectInputEvents = YES;
				INFOPLIST_KEY_UILaunchScreen_Generation = YES;
				INFOPLIST_KEY_UISupportedInterfaceOrientations_iPad = "UIInterfaceOrientationPortrait UIInterfaceOrientationPortraitUpsideDown UIInterfaceOrientationLandscapeLeft UIInterfaceOrientationLandscapeRight";
				INFOPLIST_KEY_UISupportedInterfaceOrientations_iPhone = "UIInterfaceOrientationPortrait UIInterfaceOrientationLandscapeLeft UIInterfaceOrientationLandscapeRight";
				IPHONEOS_DEPLOYMENT_TARGET = 15.5;
				LD_RUNPATH_SEARCH_PATHS = (
					"$(inherited)",
					"@executable_path/Frameworks",
				);
				MARKETING_VERSION = 1.0;
				PRODUCT_BUNDLE_IDENTIFIER = me.issarapong.Weather;
				PRODUCT_NAME = Weather;
				SDKROOT = iphoneos;
				SWIFT_EMIT_LOC_STRINGS = YES;
				SWIFT_VERSION = 5.0;
				TARGETED_DEVICE_FAMILY = 1;
				VALIDATE_PRODUCT = YES;
			};
			name = Release;
		};
		9EDBD8CF28B390920033C148 /* Testing */ = {
			isa = XCBuildConfiguration;
			buildSettings = {
				ALWAYS_SEARCH_USER_PATHS = NO;
				CLANG_ANALYZER_NONNULL = YES;
				CLANG_ANALYZER_NUMBER_OBJECT_CONVERSION = YES_AGGRESSIVE;
				CLANG_CXX_LANGUAGE_STANDARD = "gnu++17";
				CLANG_ENABLE_MODULES = YES;
				CLANG_ENABLE_OBJC_ARC = YES;
				CLANG_ENABLE_OBJC_WEAK = YES;
				CLANG_WARN_BLOCK_CAPTURE_AUTORELEASING = YES;
				CLANG_WARN_BOOL_CONVERSION = YES;
				CLANG_WARN_COMMA = YES;
				CLANG_WARN_CONSTANT_CONVERSION = YES;
				CLANG_WARN_DEPRECATED_OBJC_IMPLEMENTATIONS = YES;
				CLANG_WARN_DIRECT_OBJC_ISA_USAGE = YES_ERROR;
				CLANG_WARN_DOCUMENTATION_COMMENTS = YES;
				CLANG_WARN_EMPTY_BODY = YES;
				CLANG_WARN_ENUM_CONVERSION = YES;
				CLANG_WARN_INFINITE_RECURSION = YES;
				CLANG_WARN_INT_CONVERSION = YES;
				CLANG_WARN_NON_LITERAL_NULL_CONVERSION = YES;
				CLANG_WARN_OBJC_IMPLICIT_RETAIN_SELF = YES;
				CLANG_WARN_OBJC_LITERAL_CONVERSION = YES;
				CLANG_WARN_OBJC_ROOT_CLASS = YES_ERROR;
				CLANG_WARN_QUOTED_INCLUDE_IN_FRAMEWORK_HEADER = YES;
				CLANG_WARN_RANGE_LOOP_ANALYSIS = YES;
				CLANG_WARN_STRICT_PROTOTYPES = YES;
				CLANG_WARN_SUSPICIOUS_MOVE = YES;
				CLANG_WARN_UNGUARDED_AVAILABILITY = YES_AGGRESSIVE;
				CLANG_WARN_UNREACHABLE_CODE = YES;
				CLANG_WARN__DUPLICATE_METHOD_MATCH = YES;
				COPY_PHASE_STRIP = NO;
				DEBUG_INFORMATION_FORMAT = dwarf;
				ENABLE_STRICT_OBJC_MSGSEND = YES;
				ENABLE_TESTABILITY = YES;
				GCC_C_LANGUAGE_STANDARD = gnu11;
				GCC_DYNAMIC_NO_PIC = NO;
				GCC_NO_COMMON_BLOCKS = YES;
				GCC_OPTIMIZATION_LEVEL = 0;
				GCC_PREPROCESSOR_DEFINITIONS = (
					"DEBUG=1",
					"$(inherited)",
				);
				GCC_WARN_64_TO_32_BIT_CONVERSION = YES;
				GCC_WARN_ABOUT_RETURN_TYPE = YES_ERROR;
				GCC_WARN_UNDECLARED_SELECTOR = YES;
				GCC_WARN_UNINITIALIZED_AUTOS = YES_AGGRESSIVE;
				GCC_WARN_UNUSED_FUNCTION = YES;
				GCC_WARN_UNUSED_VARIABLE = YES;
				MTL_ENABLE_DEBUG_INFO = INCLUDE_SOURCE;
				MTL_FAST_MATH = YES;
				ONLY_ACTIVE_ARCH = YES;
				SWIFT_ACTIVE_COMPILATION_CONDITIONS = TESTING;
				SWIFT_OPTIMIZATION_LEVEL = "-Onone";
			};
			name = Testing;
		};
		9EDBD8D028B390920033C148 /* Testing */ = {
			isa = XCBuildConfiguration;
			buildSettings = {
				ASSETCATALOG_COMPILER_APPICON_NAME = AppIcon;
				ASSETCATALOG_COMPILER_GLOBAL_ACCENT_COLOR_NAME = AccentColor;
				CODE_SIGN_STYLE = Automatic;
				CURRENT_PROJECT_VERSION = 1;
				ENABLE_PREVIEWS = YES;
				GENERATE_INFOPLIST_FILE = YES;
				INFOPLIST_KEY_UIApplicationSceneManifest_Generation = YES;
				INFOPLIST_KEY_UIApplicationSupportsIndirectInputEvents = YES;
				INFOPLIST_KEY_UILaunchScreen_Generation = YES;
				INFOPLIST_KEY_UISupportedInterfaceOrientations_iPad = "UIInterfaceOrientationPortrait UIInterfaceOrientationPortraitUpsideDown UIInterfaceOrientationLandscapeLeft UIInterfaceOrientationLandscapeRight";
				INFOPLIST_KEY_UISupportedInterfaceOrientations_iPhone = "UIInterfaceOrientationPortrait UIInterfaceOrientationLandscapeLeft UIInterfaceOrientationLandscapeRight";
				IPHONEOS_DEPLOYMENT_TARGET = 15.5;
				LD_RUNPATH_SEARCH_PATHS = (
					"$(inherited)",
					"@executable_path/Frameworks",
				);
				MARKETING_VERSION = 1.0;
				PRODUCT_BUNDLE_IDENTIFIER = me.issarapong.Weather;
				PRODUCT_NAME = Weather;
				SDKROOT = iphoneos;
				SWIFT_EMIT_LOC_STRINGS = YES;
				SWIFT_VERSION = 5.0;
				TARGETED_DEVICE_FAMILY = 1;
			};
			name = Testing;
		};
		9EDBD8D128B390920033C148 /* Testing */ = {
			isa = XCBuildConfiguration;
			buildSettings = {
				BUNDLE_LOADER = "$(TEST_HOST)";
				CODE_SIGN_STYLE = Automatic;
				CURRENT_PROJECT_VERSION = 1;
				GENERATE_INFOPLIST_FILE = YES;
				IPHONEOS_DEPLOYMENT_TARGET = 15.5;
				MARKETING_VERSION = 1.0;
				PRODUCT_BUNDLE_IDENTIFIER = me.issarapong.WeatherTests;
				PRODUCT_NAME = "$(TARGET_NAME)";
				SDKROOT = iphoneos;
				SWIFT_EMIT_LOC_STRINGS = NO;
				SWIFT_VERSION = 5.0;
				TARGETED_DEVICE_FAMILY = "1,2";
				TEST_HOST = "$(BUILT_PRODUCTS_DIR)/Weather.app/Weather";
			};
			name = Testing;
		};
		9EDBD8E628B39A7B0033C148 /* Debug */ = {
			isa = XCBuildConfiguration;
			buildSettings = {
				CODE_SIGN_STYLE = Automatic;
				CURRENT_PROJECT_VERSION = 1;
				GENERATE_INFOPLIST_FILE = YES;
				IPHONEOS_DEPLOYMENT_TARGET = 15.5;
				MARKETING_VERSION = 1.0;
				PRODUCT_BUNDLE_IDENTIFIER = me.issarapong.WeatherUITests;
				PRODUCT_NAME = "$(TARGET_NAME)";
				SDKROOT = iphoneos;
				SWIFT_EMIT_LOC_STRINGS = NO;
				SWIFT_VERSION = 5.0;
				TARGETED_DEVICE_FAMILY = "1,2";
				TEST_TARGET_NAME = "Weather (iOS)";
			};
			name = Debug;
		};
		9EDBD8E728B39A7B0033C148 /* Testing */ = {
			isa = XCBuildConfiguration;
			buildSettings = {
				CODE_SIGN_STYLE = Automatic;
				CURRENT_PROJECT_VERSION = 1;
				GENERATE_INFOPLIST_FILE = YES;
				IPHONEOS_DEPLOYMENT_TARGET = 15.5;
				MARKETING_VERSION = 1.0;
				PRODUCT_BUNDLE_IDENTIFIER = me.issarapong.WeatherUITests;
				PRODUCT_NAME = "$(TARGET_NAME)";
				SDKROOT = iphoneos;
				SWIFT_EMIT_LOC_STRINGS = NO;
				SWIFT_VERSION = 5.0;
				TARGETED_DEVICE_FAMILY = "1,2";
				TEST_TARGET_NAME = "Weather (iOS)";
				VALIDATE_PRODUCT = YES;
			};
			name = Testing;
		};
		9EDBD8E828B39A7B0033C148 /* Release */ = {
			isa = XCBuildConfiguration;
			buildSettings = {
				CODE_SIGN_STYLE = Automatic;
				CURRENT_PROJECT_VERSION = 1;
				GENERATE_INFOPLIST_FILE = YES;
				IPHONEOS_DEPLOYMENT_TARGET = 15.5;
				MARKETING_VERSION = 1.0;
				PRODUCT_BUNDLE_IDENTIFIER = me.issarapong.WeatherUITests;
				PRODUCT_NAME = "$(TARGET_NAME)";
				SDKROOT = iphoneos;
				SWIFT_EMIT_LOC_STRINGS = NO;
				SWIFT_VERSION = 5.0;
				TARGETED_DEVICE_FAMILY = "1,2";
				TEST_TARGET_NAME = "Weather (iOS)";
				VALIDATE_PRODUCT = YES;
			};
			name = Release;
		};
/* End XCBuildConfiguration section */

/* Begin XCConfigurationList section */
		9E3AECBD28B19F5700FB0AB9 /* Build configuration list for PBXNativeTarget "WeatherTests" */ = {
			isa = XCConfigurationList;
			buildConfigurations = (
				9E3AECBB28B19F5700FB0AB9 /* Debug */,
				9EDBD8D128B390920033C148 /* Testing */,
				9E3AECBC28B19F5700FB0AB9 /* Release */,
			);
			defaultConfigurationIsVisible = 0;
			defaultConfigurationName = Release;
		};
		9E9CBC2F28AE745D00852A0C /* Build configuration list for PBXProject "Weather" */ = {
			isa = XCConfigurationList;
			buildConfigurations = (
				9E9CBC5F28AE745E00852A0C /* Debug */,
				9EDBD8CF28B390920033C148 /* Testing */,
				9E9CBC6028AE745E00852A0C /* Release */,
			);
			defaultConfigurationIsVisible = 0;
			defaultConfigurationName = Release;
		};
		9E9CBC6128AE745E00852A0C /* Build configuration list for PBXNativeTarget "Weather (iOS)" */ = {
			isa = XCConfigurationList;
			buildConfigurations = (
				9E9CBC6228AE745E00852A0C /* Debug */,
				9EDBD8D028B390920033C148 /* Testing */,
				9E9CBC6328AE745E00852A0C /* Release */,
			);
			defaultConfigurationIsVisible = 0;
			defaultConfigurationName = Release;
		};
		9EDBD8E528B39A7B0033C148 /* Build configuration list for PBXNativeTarget "WeatherUITests" */ = {
			isa = XCConfigurationList;
			buildConfigurations = (
				9EDBD8E628B39A7B0033C148 /* Debug */,
				9EDBD8E728B39A7B0033C148 /* Testing */,
				9EDBD8E828B39A7B0033C148 /* Release */,
			);
			defaultConfigurationIsVisible = 0;
			defaultConfigurationName = Release;
		};
/* End XCConfigurationList section */
	};
	rootObject = 9E9CBC2C28AE745D00852A0C /* Project object */;
}
